
Microsoft Visual Studio Solution File, Format Version 12.00
# Visual Studio Version 16
VisualStudioVersion = 16.0.31105.61
MinimumVisualStudioVersion = 10.0.40219.1
Project("{9A19103F-16F7-4668-BE54-9A1E7A4F7556}") = "CS_FirstApp", "CS_FirstApp\CS_FirstApp.csproj", "{08227C4A-AB20-47F9-85C6-4A3874F8FB55}"
EndProject
Project("{9A19103F-16F7-4668-BE54-9A1E7A4F7556}") = "EFCore5", "EFCore5\EFCore5.csproj", "{9CA82580-C902-404A-AE58-C4202C5CD585}"
EndProject
Project("{2150E333-8FDC-42A3-9474-1A3956D46DE8}") = "Solution Items", "Solution Items", "{09ACF809-3FF2-41DB-B6F1-2470D2419CBB}"
	ProjectSection(SolutionItems) = preProject
		readme.md = readme.md
	EndProjectSection
EndProject
Project("{9A19103F-16F7-4668-BE54-9A1E7A4F7556}") = "CS_EFCore_Code_First", "CS_EFCore_Code_First\CS_EFCore_Code_First.csproj", "{430F2844-B9B3-4338-85AE-BC9CFF9DF351}"
EndProject
Project("{9A19103F-16F7-4668-BE54-9A1E7A4F7556}") = "Core5_API", "Core5_API\Core5_API.csproj", "{0FEAA2AF-5590-4345-9E37-BDE8CCA6C785}"
EndProject
Project("{9A19103F-16F7-4668-BE54-9A1E7A4F7556}") = "CS_ApiClient", "CS_ApiClient\CS_ApiClient.csproj", "{90D4ABC2-3EEA-4130-9325-603438AB819E}"
EndProject
Project("{9A19103F-16F7-4668-BE54-9A1E7A4F7556}") = "Blaz_ServerApp", "Blaz_ServerApp\Blaz_ServerApp.csproj", "{61E1256E-A37E-4579-9DA3-A042D86CF38D}"
EndProject
Project("{9A19103F-16F7-4668-BE54-9A1E7A4F7556}") = "Blaz_WebAssrmblyApp", "Blaz_WebAssrmblyApp\Blaz_WebAssrmblyApp.csproj", "{58A6FCF9-3044-4F81-8FA8-61820A737E0F}"
EndProject
Project("{FAE04EC0-301F-11D3-BF4B-00C04F79EFBC}") = "NetFrwk_Library", "..\Core5_API\NetFrwk_Library\NetFrwk_Library.csproj", "{89B6DC4A-4B1D-4650-95EF-8B7F8595B202}"
EndProject
Project("{9A19103F-16F7-4668-BE54-9A1E7A4F7556}") = "Blaz_Wasm_App", "Blaz_Wasm_App\Blaz_Wasm_App.csproj", "{2B8AF723-7683-442B-9288-2C59C590665C}"
EndProject
Project("{9A19103F-16F7-4668-BE54-9A1E7A4F7556}") = "Product_LazyLoad", "Product_LazyLoad\Product_LazyLoad.csproj", "{8E94B20F-F8E4-4938-B97B-18F3D4CA5E43}"
EndProject
Project("{FAE04EC0-301F-11D3-BF4B-00C04F79EFBC}") = "Blaz_Wasm_APiClient", "Blaz_Wasm_APiClient\Blaz_Wasm_APiClient.csproj", "{BE66F607-560F-43A5-A986-2961A6969473}"
EndProject
Global
	GlobalSection(SolutionConfigurationPlatforms) = preSolution
		Debug|Any CPU = Debug|Any CPU
		Release|Any CPU = Release|Any CPU
	EndGlobalSection
	GlobalSection(ProjectConfigurationPlatforms) = postSolution
		{08227C4A-AB20-47F9-85C6-4A3874F8FB55}.Debug|Any CPU.ActiveCfg = Debug|Any CPU
		{08227C4A-AB20-47F9-85C6-4A3874F8FB55}.Debug|Any CPU.Build.0 = Debug|Any CPU
		{08227C4A-AB20-47F9-85C6-4A3874F8FB55}.Release|Any CPU.ActiveCfg = Release|Any CPU
		{08227C4A-AB20-47F9-85C6-4A3874F8FB55}.Release|Any CPU.Build.0 = Release|Any CPU
		{9CA82580-C902-404A-AE58-C4202C5CD585}.Debug|Any CPU.ActiveCfg = Debug|Any CPU
		{9CA82580-C902-404A-AE58-C4202C5CD585}.Debug|Any CPU.Build.0 = Debug|Any CPU
		{9CA82580-C902-404A-AE58-C4202C5CD585}.Release|Any CPU.ActiveCfg = Release|Any CPU
		{9CA82580-C902-404A-AE58-C4202C5CD585}.Release|Any CPU.Build.0 = Release|Any CPU
		{430F2844-B9B3-4338-85AE-BC9CFF9DF351}.Debug|Any CPU.ActiveCfg = Debug|Any CPU
		{430F2844-B9B3-4338-85AE-BC9CFF9DF351}.Debug|Any CPU.Build.0 = Debug|Any CPU
		{430F2844-B9B3-4338-85AE-BC9CFF9DF351}.Release|Any CPU.ActiveCfg = Release|Any CPU
		{430F2844-B9B3-4338-85AE-BC9CFF9DF351}.Release|Any CPU.Build.0 = Release|Any CPU
		{0FEAA2AF-5590-4345-9E37-BDE8CCA6C785}.Debug|Any CPU.ActiveCfg = Debug|Any CPU
		{0FEAA2AF-5590-4345-9E37-BDE8CCA6C785}.Debug|Any CPU.Build.0 = Debug|Any CPU
		{0FEAA2AF-5590-4345-9E37-BDE8CCA6C785}.Release|Any CPU.ActiveCfg = Release|Any CPU
		{0FEAA2AF-5590-4345-9E37-BDE8CCA6C785}.Release|Any CPU.Build.0 = Release|Any CPU
		{90D4ABC2-3EEA-4130-9325-603438AB819E}.Debug|Any CPU.ActiveCfg = Debug|Any CPU
		{90D4ABC2-3EEA-4130-9325-603438AB819E}.Debug|Any CPU.Build.0 = Debug|Any CPU
		{90D4ABC2-3EEA-4130-9325-603438AB819E}.Release|Any CPU.ActiveCfg = Release|Any CPU
		{90D4ABC2-3EEA-4130-9325-603438AB819E}.Release|Any CPU.Build.0 = Release|Any CPU
		{61E1256E-A37E-4579-9DA3-A042D86CF38D}.Debug|Any CPU.ActiveCfg = Debug|Any CPU
		{61E1256E-A37E-4579-9DA3-A042D86CF38D}.Debug|Any CPU.Build.0 = Debug|Any CPU
		{61E1256E-A37E-4579-9DA3-A042D86CF38D}.Release|Any CPU.ActiveCfg = Release|Any CPU
		{61E1256E-A37E-4579-9DA3-A042D86CF38D}.Release|Any CPU.Build.0 = Release|Any CPU
		{58A6FCF9-3044-4F81-8FA8-61820A737E0F}.Debug|Any CPU.ActiveCfg = Debug|Any CPU
		{58A6FCF9-3044-4F81-8FA8-61820A737E0F}.Debug|Any CPU.Build.0 = Debug|Any CPU
		{58A6FCF9-3044-4F81-8FA8-61820A737E0F}.Release|Any CPU.ActiveCfg = Release|Any CPU
		{58A6FCF9-3044-4F81-8FA8-61820A737E0F}.Release|Any CPU.Build.0 = Release|Any CPU
		{89B6DC4A-4B1D-4650-95EF-8B7F8595B202}.Debug|Any CPU.ActiveCfg = Debug|Any CPU
		{89B6DC4A-4B1D-4650-95EF-8B7F8595B202}.Debug|Any CPU.Build.0 = Debug|Any CPU
		{89B6DC4A-4B1D-4650-95EF-8B7F8595B202}.Release|Any CPU.ActiveCfg = Release|Any CPU
		{89B6DC4A-4B1D-4650-95EF-8B7F8595B202}.Release|Any CPU.Build.0 = Release|Any CPU
		{2B8AF723-7683-442B-9288-2C59C590665C}.Debug|Any CPU.ActiveCfg = Debug|Any CPU
		{2B8AF723-7683-442B-9288-2C59C590665C}.Debug|Any CPU.Build.0 = Debug|Any CPU
		{2B8AF723-7683-442B-9288-2C59C590665C}.Release|Any CPU.ActiveCfg = Release|Any CPU
		{2B8AF723-7683-442B-9288-2C59C590665C}.Release|Any CPU.Build.0 = Release|Any CPU
		{8E94B20F-F8E4-4938-B97B-18F3D4CA5E43}.Debug|Any CPU.ActiveCfg = Debug|Any CPU
		{8E94B20F-F8E4-4938-B97B-18F3D4CA5E43}.Debug|Any CPU.Build.0 = Debug|Any CPU
		{8E94B20F-F8E4-4938-B97B-18F3D4CA5E43}.Release|Any CPU.ActiveCfg = Release|Any CPU
		{8E94B20F-F8E4-4938-B97B-18F3D4CA5E43}.Release|Any CPU.Build.0 = Release|Any CPU
		{BE66F607-560F-43A5-A986-2961A6969473}.Debug|Any CPU.ActiveCfg = Debug|Any CPU
		{BE66F607-560F-43A5-A986-2961A6969473}.Debug|Any CPU.Build.0 = Debug|Any CPU
		{BE66F607-560F-43A5-A986-2961A6969473}.Release|Any CPU.ActiveCfg = Release|Any CPU
		{BE66F607-560F-43A5-A986-2961A6969473}.Release|Any CPU.Build.0 = Release|Any CPU
	EndGlobalSection
	GlobalSection(SolutionProperties) = preSolution
		HideSolutionNode = FALSE
	EndGlobalSection
	GlobalSection(ExtensibilityGlobals) = postSolution
		SolutionGuid = {59E7C06C-DED7-4571-9B1D-08445991065E}
	EndGlobalSection
EndGlobal
